
Microsoft Visual Studio Solution File, Format Version 12.00
# Visual Studio Version 17
VisualStudioVersion = 17.11.35327.3
MinimumVisualStudioVersion = 10.0.40219.1
Project("{FAE04EC0-301F-11D3-BF4B-00C04F79EFBC}") = "22.01.2026", "22.01.2026.csproj", "{6112E5F4-30AD-43DE-9928-406D62F4CA47}"
EndProject
Global
	GlobalSection(SolutionConfigurationPlatforms) = preSolution
		Debug|Any CPU = Debug|Any CPU
		Release|Any CPU = Release|Any CPU
	EndGlobalSection
	GlobalSection(ProjectConfigurationPlatforms) = postSolution
		{6112E5F4-30AD-43DE-9928-406D62F4CA47}.Debug|Any CPU.ActiveCfg = Debug|Any CPU
		{6112E5F4-30AD-43DE-9928-406D62F4CA47}.Debug|Any CPU.Build.0 = Debug|Any CPU
		{6112E5F4-30AD-43DE-9928-406D62F4CA47}.Release|Any CPU.ActiveCfg = Release|Any CPU
		{6112E5F4-30AD-43DE-9928-406D62F4CA47}.Release|Any CPU.Build.0 = Release|Any CPU
	EndGlobalSection
	GlobalSection(SolutionProperties) = preSolution
		HideSolutionNode = FALSE
	EndGlobalSection
	GlobalSection(ExtensibilityGlobals) = postSolution
		SolutionGuid = {73CC49F0-152F-452D-B855-92A1F61070D1}
	EndGlobalSection
EndGlobal
