
Microsoft Visual Studio Solution File, Format Version 12.00
# Visual Studio Version 17
VisualStudioVersion = 17.11.35327.3
MinimumVisualStudioVersion = 10.0.40219.1
Project("{FAE04EC0-301F-11D3-BF4B-00C04F79EFBC}") = "29012029", "29012029.csproj", "{9971046F-9373-400E-A524-EA34A4E44900}"
EndProject
Global
	GlobalSection(SolutionConfigurationPlatforms) = preSolution
		Debug|Any CPU = Debug|Any CPU
		Release|Any CPU = Release|Any CPU
	EndGlobalSection
	GlobalSection(ProjectConfigurationPlatforms) = postSolution
		{9971046F-9373-400E-A524-EA34A4E44900}.Debug|Any CPU.ActiveCfg = Debug|Any CPU
		{9971046F-9373-400E-A524-EA34A4E44900}.Debug|Any CPU.Build.0 = Debug|Any CPU
		{9971046F-9373-400E-A524-EA34A4E44900}.Release|Any CPU.ActiveCfg = Release|Any CPU
		{9971046F-9373-400E-A524-EA34A4E44900}.Release|Any CPU.Build.0 = Release|Any CPU
	EndGlobalSection
	GlobalSection(SolutionProperties) = preSolution
		HideSolutionNode = FALSE
	EndGlobalSection
	GlobalSection(ExtensibilityGlobals) = postSolution
		SolutionGuid = {11EEE792-25EB-4181-91A6-A6675F0C79C6}
	EndGlobalSection
EndGlobal
